
Microsoft Visual Studio Solution File, Format Version 12.00
# Visual Studio Version 16
VisualStudioVersion = 16.0.32602.291
MinimumVisualStudioVersion = 10.0.40219.1
Project("{8BC9CEB8-8B4A-11D0-8D11-00A0C91BC942}") = "HalloWorld", "HalloWorld.vcxproj", "{457E788F-C019-48F3-8117-0D43AD0DC680}"
EndProject
Global
	GlobalSection(SolutionConfigurationPlatforms) = preSolution
		Debug|x64 = Debug|x64
		Debug|x86 = Debug|x86
		Release|x64 = Release|x64
		Release|x86 = Release|x86
	EndGlobalSection
	GlobalSection(ProjectConfigurationPlatforms) = postSolution
		{457E788F-C019-48F3-8117-0D43AD0DC680}.Debug|x64.ActiveCfg = Debug|x64
		{457E788F-C019-48F3-8117-0D43AD0DC680}.Debug|x64.Build.0 = Debug|x64
		{457E788F-C019-48F3-8117-0D43AD0DC680}.Debug|x86.ActiveCfg = Debug|Win32
		{457E788F-C019-48F3-8117-0D43AD0DC680}.Debug|x86.Build.0 = Debug|Win32
		{457E788F-C019-48F3-8117-0D43AD0DC680}.Release|x64.ActiveCfg = Release|x64
		{457E788F-C019-48F3-8117-0D43AD0DC680}.Release|x64.Build.0 = Release|x64
		{457E788F-C019-48F3-8117-0D43AD0DC680}.Release|x86.ActiveCfg = Release|Win32
		{457E788F-C019-48F3-8117-0D43AD0DC680}.Release|x86.Build.0 = Release|Win32
	EndGlobalSection
	GlobalSection(SolutionProperties) = preSolution
		HideSolutionNode = FALSE
	EndGlobalSection
	GlobalSection(ExtensibilityGlobals) = postSolution
		SolutionGuid = {FC38AD33-0B08-4919-8672-A15B5176F8E9}
	EndGlobalSection
EndGlobal
